
Microsoft Visual Studio Solution File, Format Version 12.00
# Visual Studio 15
VisualStudioVersion = 15.0.27428.2005
MinimumVisualStudioVersion = 10.0.40219.1
Project("{151D2E53-A2C4-4D7D-83FE-D05416EBD58E}") = "MyAzureResourceGroupProj1", "MyAzureResourceGroupProj1\MyAzureResourceGroupProj1.deployproj", "{F15343C2-D414-4FEC-A505-1BDDCC257AC8}"
EndProject
Global
	GlobalSection(SolutionConfigurationPlatforms) = preSolution
		Debug|Any CPU = Debug|Any CPU
		Release|Any CPU = Release|Any CPU
	EndGlobalSection
	GlobalSection(ProjectConfigurationPlatforms) = postSolution
		{F15343C2-D414-4FEC-A505-1BDDCC257AC8}.Debug|Any CPU.ActiveCfg = Debug|Any CPU
		{F15343C2-D414-4FEC-A505-1BDDCC257AC8}.Debug|Any CPU.Build.0 = Debug|Any CPU
		{F15343C2-D414-4FEC-A505-1BDDCC257AC8}.Release|Any CPU.ActiveCfg = Release|Any CPU
		{F15343C2-D414-4FEC-A505-1BDDCC257AC8}.Release|Any CPU.Build.0 = Release|Any CPU
	EndGlobalSection
	GlobalSection(SolutionProperties) = preSolution
		HideSolutionNode = FALSE
	EndGlobalSection
	GlobalSection(ExtensibilityGlobals) = postSolution
		SolutionGuid = {626CD848-3A34-41A8-A200-81E18E8DD865}
	EndGlobalSection
EndGlobal
